
Microsoft Visual Studio Solution File, Format Version 12.00
# Visual Studio 14
VisualStudioVersion = 14.0.25420.1
MinimumVisualStudioVersion = 10.0.40219.1
Project("{FAE04EC0-301F-11D3-BF4B-00C04F79EFBC}") = "TimeSheet", "TimeSheet\TimeSheet.csproj", "{20411E73-7C51-4DA0-8BFB-15EA5F295D87}"
EndProject
Project("{FAE04EC0-301F-11D3-BF4B-00C04F79EFBC}") = "DAL", "DAL\DAL.csproj", "{06DA3B40-7D38-41F4-B065-132419CE432B}"
EndProject
Project("{FAE04EC0-301F-11D3-BF4B-00C04F79EFBC}") = "BLL", "BLL\BLL.csproj", "{8B44F03B-12E3-4768-B0D8-DF218C242465}"
EndProject
Project("{FAE04EC0-301F-11D3-BF4B-00C04F79EFBC}") = "STO", "STO\STO.csproj", "{5F269F89-63F9-4942-9BEB-9A9D58CB2F42}"
EndProject
Global
	GlobalSection(SolutionConfigurationPlatforms) = preSolution
		Debug|Any CPU = Debug|Any CPU
		Release|Any CPU = Release|Any CPU
	EndGlobalSection
	GlobalSection(ProjectConfigurationPlatforms) = postSolution
		{20411E73-7C51-4DA0-8BFB-15EA5F295D87}.Debug|Any CPU.ActiveCfg = Debug|Any CPU
		{20411E73-7C51-4DA0-8BFB-15EA5F295D87}.Debug|Any CPU.Build.0 = Debug|Any CPU
		{20411E73-7C51-4DA0-8BFB-15EA5F295D87}.Release|Any CPU.ActiveCfg = Release|Any CPU
		{20411E73-7C51-4DA0-8BFB-15EA5F295D87}.Release|Any CPU.Build.0 = Release|Any CPU
		{06DA3B40-7D38-41F4-B065-132419CE432B}.Debug|Any CPU.ActiveCfg = Debug|Any CPU
		{06DA3B40-7D38-41F4-B065-132419CE432B}.Debug|Any CPU.Build.0 = Debug|Any CPU
		{06DA3B40-7D38-41F4-B065-132419CE432B}.Release|Any CPU.ActiveCfg = Release|Any CPU
		{06DA3B40-7D38-41F4-B065-132419CE432B}.Release|Any CPU.Build.0 = Release|Any CPU
		{8B44F03B-12E3-4768-B0D8-DF218C242465}.Debug|Any CPU.ActiveCfg = Debug|Any CPU
		{8B44F03B-12E3-4768-B0D8-DF218C242465}.Debug|Any CPU.Build.0 = Debug|Any CPU
		{8B44F03B-12E3-4768-B0D8-DF218C242465}.Release|Any CPU.ActiveCfg = Release|Any CPU
		{8B44F03B-12E3-4768-B0D8-DF218C242465}.Release|Any CPU.Build.0 = Release|Any CPU
		{5F269F89-63F9-4942-9BEB-9A9D58CB2F42}.Debug|Any CPU.ActiveCfg = Debug|Any CPU
		{5F269F89-63F9-4942-9BEB-9A9D58CB2F42}.Debug|Any CPU.Build.0 = Debug|Any CPU
		{5F269F89-63F9-4942-9BEB-9A9D58CB2F42}.Release|Any CPU.ActiveCfg = Release|Any CPU
		{5F269F89-63F9-4942-9BEB-9A9D58CB2F42}.Release|Any CPU.Build.0 = Release|Any CPU
	EndGlobalSection
	GlobalSection(SolutionProperties) = preSolution
		HideSolutionNode = FALSE
	EndGlobalSection
EndGlobal
